
Microsoft Visual Studio Solution File, Format Version 12.00
# Visual Studio Version 17
VisualStudioVersion = 17.14.36603.0 d17.14
MinimumVisualStudioVersion = 10.0.40219.1
Project("{FAE04EC0-301F-11D3-BF4B-00C04F79EFBC}") = "Executor", "Executor\Executor.csproj", "{C782F626-9CDA-4BE5-98C1-D3F507933733}"
EndProject
Project("{FAE04EC0-301F-11D3-BF4B-00C04F79EFBC}") = "Executor.UnitTests", "Executor.UnitTests\Executor.UnitTests.csproj", "{EAD27604-2493-4AA1-B93B-27DCB44935B2}"
EndProject
Global
	GlobalSection(SolutionConfigurationPlatforms) = preSolution
		Debug|Any CPU = Debug|Any CPU
		Release|Any CPU = Release|Any CPU
	EndGlobalSection
	GlobalSection(ProjectConfigurationPlatforms) = postSolution
		{C782F626-9CDA-4BE5-98C1-D3F507933733}.Debug|Any CPU.ActiveCfg = Debug|Any CPU
		{C782F626-9CDA-4BE5-98C1-D3F507933733}.Debug|Any CPU.Build.0 = Debug|Any CPU
		{C782F626-9CDA-4BE5-98C1-D3F507933733}.Release|Any CPU.ActiveCfg = Release|Any CPU
		{C782F626-9CDA-4BE5-98C1-D3F507933733}.Release|Any CPU.Build.0 = Release|Any CPU
		{EAD27604-2493-4AA1-B93B-27DCB44935B2}.Debug|Any CPU.ActiveCfg = Debug|Any CPU
		{EAD27604-2493-4AA1-B93B-27DCB44935B2}.Debug|Any CPU.Build.0 = Debug|Any CPU
		{EAD27604-2493-4AA1-B93B-27DCB44935B2}.Release|Any CPU.ActiveCfg = Release|Any CPU
		{EAD27604-2493-4AA1-B93B-27DCB44935B2}.Release|Any CPU.Build.0 = Release|Any CPU
	EndGlobalSection
	GlobalSection(SolutionProperties) = preSolution
		HideSolutionNode = FALSE
	EndGlobalSection
	GlobalSection(ExtensibilityGlobals) = postSolution
		SolutionGuid = {C6BD91D6-6EF4-48F1-AFA2-BCD8FDB735B1}
	EndGlobalSection
EndGlobal
